// !$*UTF8*$!
{
	archiveVersion = 1;
	classes = {
	};
	objectVersion = 48;
	objects = {

/* Begin PBXBuildFile section */
		563FB1791FDE2B0B006A8696 /* AppDelegate.swift in Sources */ = {isa = PBXBuildFile; fileRef = 563FB1781FDE2B0B006A8696 /* AppDelegate.swift */; };
		563FB17B1FDE2B0B006A8696 /* ViewController.swift in Sources */ = {isa = PBXBuildFile; fileRef = 563FB17A1FDE2B0B006A8696 /* ViewController.swift */; };
		563FB17E1FDE2B0B006A8696 /* Main.storyboard in Resources */ = {isa = PBXBuildFile; fileRef = 563FB17C1FDE2B0B006A8696 /* Main.storyboard */; };
		563FB1811FDE2B0B006A8696 /* SlideOutMenuTemplate.xcdatamodeld in Sources */ = {isa = PBXBuildFile; fileRef = 563FB17F1FDE2B0B006A8696 /* SlideOutMenuTemplate.xcdatamodeld */; };
		563FB1831FDE2B0B006A8696 /* Assets.xcassets in Resources */ = {isa = PBXBuildFile; fileRef = 563FB1821FDE2B0B006A8696 /* Assets.xcassets */; };
		563FB1861FDE2B0B006A8696 /* LaunchScreen.storyboard in Resources */ = {isa = PBXBuildFile; fileRef = 563FB1841FDE2B0B006A8696 /* LaunchScreen.storyboard */; };
		563FB1911FDE2BB6006A8696 /* SWRevealViewController.m in Sources */ = {isa = PBXBuildFile; fileRef = 563FB1901FDE2BB6006A8696 /* SWRevealViewController.m */; };
		563FB1931FDE2E33006A8696 /* BackTableVC.swift in Sources */ = {isa = PBXBuildFile; fileRef = 563FB1921FDE2E33006A8696 /* BackTableVC.swift */; };
		563FB1951FDE3690006A8696 /* Screen1.swift in Sources */ = {isa = PBXBuildFile; fileRef = 563FB1941FDE3690006A8696 /* Screen1.swift */; };
		56D3D4781FDE3B3000B2550F /* Screen2.swift in Sources */ = {isa = PBXBuildFile; fileRef = 56D3D4771FDE3B3000B2550F /* Screen2.swift */; };
		56D3D47A1FDE3B3900B2550F /* Screen3.swift in Sources */ = {isa = PBXBuildFile; fileRef = 56D3D4791FDE3B3900B2550F /* Screen3.swift */; };
		56D3D47C1FDE48D900B2550F /* Home.swift in Sources */ = {isa = PBXBuildFile; fileRef = 56D3D47B1FDE48D900B2550F /* Home.swift */; };
/* End PBXBuildFile section */

/* Begin PBXFileReference section */
		563FB1751FDE2B0B006A8696 /* SlideOutMenuTemplate.app */ = {isa = PBXFileReference; explicitFileType = wrapper.application; includeInIndex = 0; path = SlideOutMenuTemplate.app; sourceTree = BUILT_PRODUCTS_DIR; };
		563FB1781FDE2B0B006A8696 /* AppDelegate.swift */ = {isa = PBXFileReference; lastKnownFileType = sourcecode.swift; path = AppDelegate.swift; sourceTree = "<group>"; };
		563FB17A1FDE2B0B006A8696 /* ViewController.swift */ = {isa = PBXFileReference; lastKnownFileType = sourcecode.swift; path = ViewController.swift; sourceTree = "<group>"; };
		563FB17D1FDE2B0B006A8696 /* Base */ = {isa = PBXFileReference; lastKnownFileType = file.storyboard; name = Base; path = Base.lproj/Main.storyboard; sourceTree = "<group>"; };
		563FB1801FDE2B0B006A8696 /* SlideOutMenuTemplate.xcdatamodel */ = {isa = PBXFileReference; lastKnownFileType = wrapper.xcdatamodel; path = SlideOutMenuTemplate.xcdatamodel; sourceTree = "<group>"; };
		563FB1821FDE2B0B006A8696 /* Assets.xcassets */ = {isa = PBXFileReference; lastKnownFileType = folder.assetcatalog; path = Assets.xcassets; sourceTree = "<group>"; };
		563FB1851FDE2B0B006A8696 /* Base */ = {isa = PBXFileReference; lastKnownFileType = file.storyboard; name = Base; path = Base.lproj/LaunchScreen.storyboard; sourceTree = "<group>"; };
		563FB1871FDE2B0B006A8696 /* Info.plist */ = {isa = PBXFileReference; lastKnownFileType = text.plist.xml; path = Info.plist; sourceTree = "<group>"; };
		563FB18E1FDE2BB5006A8696 /* SlideOutMenuTemplate-Bridging-Header.h */ = {isa = PBXFileReference; lastKnownFileType = sourcecode.c.h; path = "SlideOutMenuTemplate-Bridging-Header.h"; sourceTree = "<group>"; };
		563FB18F1FDE2BB6006A8696 /* SWRevealViewController.h */ = {isa = PBXFileReference; fileEncoding = 4; lastKnownFileType = sourcecode.c.h; path = SWRevealViewController.h; sourceTree = "<group>"; };
		563FB1901FDE2BB6006A8696 /* SWRevealViewController.m */ = {isa = PBXFileReference; fileEncoding = 4; lastKnownFileType = sourcecode.c.objc; path = SWRevealViewController.m; sourceTree = "<group>"; };
		563FB1921FDE2E33006A8696 /* BackTableVC.swift */ = {isa = PBXFileReference; lastKnownFileType = sourcecode.swift; path = BackTableVC.swift; sourceTree = "<group>"; };
		563FB1941FDE3690006A8696 /* Screen1.swift */ = {isa = PBXFileReference; lastKnownFileType = sourcecode.swift; path = Screen1.swift; sourceTree = "<group>"; };
		56D3D4771FDE3B3000B2550F /* Screen2.swift */ = {isa = PBXFileReference; fileEncoding = 4; lastKnownFileType = sourcecode.swift; path = Screen2.swift; sourceTree = "<group>"; };
		56D3D4791FDE3B3900B2550F /* Screen3.swift */ = {isa = PBXFileReference; fileEncoding = 4; lastKnownFileType = sourcecode.swift; path = Screen3.swift; sourceTree = "<group>"; };
		56D3D47B1FDE48D900B2550F /* Home.swift */ = {isa = PBXFileReference; fileEncoding = 4; lastKnownFileType = sourcecode.swift; path = Home.swift; sourceTree = "<group>"; };
/* End PBXFileReference section */

/* Begin PBXFrameworksBuildPhase section */
		563FB1721FDE2B0B006A8696 /* Frameworks */ = {
			isa = PBXFrameworksBuildPhase;
			buildActionMask = 2147483647;
			files = (
			);
			runOnlyForDeploymentPostprocessing = 0;
		};
/* End PBXFrameworksBuildPhase section */

/* Begin PBXGroup section */
		563FB16C1FDE2B0B006A8696 = {
			isa = PBXGroup;
			children = (
				563FB1771FDE2B0B006A8696 /* SlideOutMenuTemplate */,
				563FB1761FDE2B0B006A8696 /* Products */,
			);
			sourceTree = "<group>";
		};
		563FB1761FDE2B0B006A8696 /* Products */ = {
			isa = PBXGroup;
			children = (
				563FB1751FDE2B0B006A8696 /* SlideOutMenuTemplate.app */,
			);
			name = Products;
			sourceTree = "<group>";
		};
		563FB1771FDE2B0B006A8696 /* SlideOutMenuTemplate */ = {
			isa = PBXGroup;
			children = (
				563FB1781FDE2B0B006A8696 /* AppDelegate.swift */,
				563FB17A1FDE2B0B006A8696 /* ViewController.swift */,
				563FB1921FDE2E33006A8696 /* BackTableVC.swift */,
				56D3D47B1FDE48D900B2550F /* Home.swift */,
				563FB1941FDE3690006A8696 /* Screen1.swift */,
				56D3D4771FDE3B3000B2550F /* Screen2.swift */,
				56D3D4791FDE3B3900B2550F /* Screen3.swift */,
				563FB17C1FDE2B0B006A8696 /* Main.storyboard */,
				563FB1821FDE2B0B006A8696 /* Assets.xcassets */,
				563FB1841FDE2B0B006A8696 /* LaunchScreen.storyboard */,
				563FB1871FDE2B0B006A8696 /* Info.plist */,
				563FB17F1FDE2B0B006A8696 /* SlideOutMenuTemplate.xcdatamodeld */,
				563FB18D1FDE2B22006A8696 /* Supporting Files */,
			);
			path = SlideOutMenuTemplate;
			sourceTree = "<group>";
		};
		563FB18D1FDE2B22006A8696 /* Supporting Files */ = {
			isa = PBXGroup;
			children = (
				563FB18F1FDE2BB6006A8696 /* SWRevealViewController.h */,
				563FB1901FDE2BB6006A8696 /* SWRevealViewController.m */,
				563FB18E1FDE2BB5006A8696 /* SlideOutMenuTemplate-Bridging-Header.h */,
			);
			path = "Supporting Files";
			sourceTree = "<group>";
		};
/* End PBXGroup section */

/* Begin PBXNativeTarget section */
		563FB1741FDE2B0B006A8696 /* SlideOutMenuTemplate */ = {
			isa = PBXNativeTarget;
			buildConfigurationList = 563FB18A1FDE2B0B006A8696 /* Build configuration list for PBXNativeTarget "SlideOutMenuTemplate" */;
			buildPhases = (
				563FB1711FDE2B0B006A8696 /* Sources */,
				563FB1721FDE2B0B006A8696 /* Frameworks */,
				563FB1731FDE2B0B006A8696 /* Resources */,
			);
			buildRules = (
			);
			dependencies = (
			);
			name = SlideOutMenuTemplate;
			productName = SlideOutMenuTemplate;
			productReference = 563FB1751FDE2B0B006A8696 /* SlideOutMenuTemplate.app */;
			productType = "com.apple.product-type.application";
		};
/* End PBXNativeTarget section */

/* Begin PBXProject section */
		563FB16D1FDE2B0B006A8696 /* Project object */ = {
			isa = PBXProject;
			attributes = {
				LastSwiftUpdateCheck = 0920;
				LastUpgradeCheck = 0920;
				ORGANIZATIONNAME = "Kyle Swearingen";
				TargetAttributes = {
					563FB1741FDE2B0B006A8696 = {
						CreatedOnToolsVersion = 9.2;
						LastSwiftMigration = 0920;
						ProvisioningStyle = Automatic;
					};
				};
			};
			buildConfigurationList = 563FB1701FDE2B0B006A8696 /* Build configuration list for PBXProject "SlideOutMenuTemplate" */;
			compatibilityVersion = "Xcode 8.0";
			developmentRegion = en;
			hasScannedForEncodings = 0;
			knownRegions = (
				en,
				Base,
			);
			mainGroup = 563FB16C1FDE2B0B006A8696;
			productRefGroup = 563FB1761FDE2B0B006A8696 /* Products */;
			projectDirPath = "";
			projectRoot = "";
			targets = (
				563FB1741FDE2B0B006A8696 /* SlideOutMenuTemplate */,
			);
		};
/* End PBXProject section */

/* Begin PBXResourcesBuildPhase section */
		563FB1731FDE2B0B006A8696 /* Resources */ = {
			isa = PBXResourcesBuildPhase;
			buildActionMask = 2147483647;
			files = (
				563FB1861FDE2B0B006A8696 /* LaunchScreen.storyboard in Resources */,
				563FB1831FDE2B0B006A8696 /* Assets.xcassets in Resources */,
				563FB17E1FDE2B0B006A8696 /* Main.storyboard in Resources */,
			);
			runOnlyForDeploymentPostprocessing = 0;
		};
/* End PBXResourcesBuildPhase section */

/* Begin PBXSourcesBuildPhase section */
		563FB1711FDE2B0B006A8696 /* Sources */ = {
			isa = PBXSourcesBuildPhase;
			buildActionMask = 2147483647;
			files = (
				563FB17B1FDE2B0B006A8696 /* ViewController.swift in Sources */,
				563FB1931FDE2E33006A8696 /* BackTableVC.swift in Sources */,
				563FB1791FDE2B0B006A8696 /* AppDelegate.swift in Sources */,
				56D3D47A1FDE3B3900B2550F /* Screen3.swift in Sources */,
				56D3D47C1FDE48D900B2550F /* Home.swift in Sources */,
				56D3D4781FDE3B3000B2550F /* Screen2.swift in Sources */,
				563FB1811FDE2B0B006A8696 /* SlideOutMenuTemplate.xcdatamodeld in Sources */,
				563FB1951FDE3690006A8696 /* Screen1.swift in Sources */,
				563FB1911FDE2BB6006A8696 /* SWRevealViewController.m in Sources */,
			);
			runOnlyForDeploymentPostprocessing = 0;
		};
/* End PBXSourcesBuildPhase section */

/* Begin PBXVariantGroup section */
		563FB17C1FDE2B0B006A8696 /* Main.storyboard */ = {
			isa = PBXVariantGroup;
			children = (
				563FB17D1FDE2B0B006A8696 /* Base */,
			);
			name = Main.storyboard;
			sourceTree = "<group>";
		};
		563FB1841FDE2B0B006A8696 /* LaunchScreen.storyboard */ = {
			isa = PBXVariantGroup;
			children = (
				563FB1851FDE2B0B006A8696 /* Base */,
			);
			name = LaunchScreen.storyboard;
			sourceTree = "<group>";
		};
/* End PBXVariantGroup section */

/* Begin XCBuildConfiguration section */
		563FB1881FDE2B0B006A8696 /* Debug */ = {
			isa = XCBuildConfiguration;
			buildSettings = {
				ALWAYS_SEARCH_USER_PATHS = NO;
				CLANG_ANALYZER_NONNULL = YES;
				CLANG_ANALYZER_NUMBER_OBJECT_CONVERSION = YES_AGGRESSIVE;
				CLANG_CXX_LANGUAGE_STANDARD = "gnu++14";
				CLANG_CXX_LIBRARY = "libc++";
				CLANG_ENABLE_MODULES = YES;
				CLANG_ENABLE_OBJC_ARC = YES;
				CLANG_WARN_BLOCK_CAPTURE_AUTORELEASING = YES;
				CLANG_WARN_BOOL_CONVERSION = YES;
				CLANG_WARN_COMMA = YES;
				CLANG_WARN_CONSTANT_CONVERSION = YES;
				CLANG_WARN_DIRECT_OBJC_ISA_USAGE = YES_ERROR;
				CLANG_WARN_DOCUMENTATION_COMMENTS = YES;
				CLANG_WARN_EMPTY_BODY = YES;
				CLANG_WARN_ENUM_CONVERSION = YES;
				CLANG_WARN_INFINITE_RECURSION = YES;
				CLANG_WARN_INT_CONVERSION = YES;
				CLANG_WARN_NON_LITERAL_NULL_CONVERSION = YES;
				CLANG_WARN_OBJC_LITERAL_CONVERSION = YES;
				CLANG_WARN_OBJC_ROOT_CLASS = YES_ERROR;
				CLANG_WARN_RANGE_LOOP_ANALYSIS = YES;
				CLANG_WARN_STRICT_PROTOTYPES = YES;
				CLANG_WARN_SUSPICIOUS_MOVE = YES;
				CLANG_WARN_UNGUARDED_AVAILABILITY = YES_AGGRESSIVE;
				CLANG_WARN_UNREACHABLE_CODE = YES;
				CLANG_WARN__DUPLICATE_METHOD_MATCH = YES;
				CODE_SIGN_IDENTITY = "iPhone Developer";
				COPY_PHASE_STRIP = NO;
				DEBUG_INFORMATION_FORMAT = dwarf;
				ENABLE_STRICT_OBJC_MSGSEND = YES;
				ENABLE_TESTABILITY = YES;
				GCC_C_LANGUAGE_STANDARD = gnu11;
				GCC_DYNAMIC_NO_PIC = NO;
				GCC_NO_COMMON_BLOCKS = YES;
				GCC_OPTIMIZATION_LEVEL = 0;
				GCC_PREPROCESSOR_DEFINITIONS = (
					"DEBUG=1",
					"$(inherited)",
				);
				GCC_WARN_64_TO_32_BIT_CONVERSION = YES;
				GCC_WARN_ABOUT_RETURN_TYPE = YES_ERROR;
				GCC_WARN_UNDECLARED_SELECTOR = YES;
				GCC_WARN_UNINITIALIZED_AUTOS = YES_AGGRESSIVE;
				GCC_WARN_UNUSED_FUNCTION = YES;
				GCC_WARN_UNUSED_VARIABLE = YES;
				IPHONEOS_DEPLOYMENT_TARGET = 11.2;
				MTL_ENABLE_DEBUG_INFO = YES;
				ONLY_ACTIVE_ARCH = YES;
				SDKROOT = iphoneos;
				SWIFT_ACTIVE_COMPILATION_CONDITIONS = DEBUG;
				SWIFT_OPTIMIZATION_LEVEL = "-Onone";
			};
			name = Debug;
		};
		563FB1891FDE2B0B006A8696 /* Release */ = {
			isa = XCBuildConfiguration;
			buildSettings = {
				ALWAYS_SEARCH_USER_PATHS = NO;
				CLANG_ANALYZER_NONNULL = YES;
				CLANG_ANALYZER_NUMBER_OBJECT_CONVERSION = YES_AGGRESSIVE;
				CLANG_CXX_LANGUAGE_STANDARD = "gnu++14";
				CLANG_CXX_LIBRARY = "libc++";
				CLANG_ENABLE_MODULES = YES;
				CLANG_ENABLE_OBJC_ARC = YES;
				CLANG_WARN_BLOCK_CAPTURE_AUTORELEASING = YES;
				CLANG_WARN_BOOL_CONVERSION = YES;
				CLANG_WARN_COMMA = YES;
				CLANG_WARN_CONSTANT_CONVERSION = YES;
				CLANG_WARN_DIRECT_OBJC_ISA_USAGE = YES_ERROR;
				CLANG_WARN_DOCUMENTATION_COMMENTS = YES;
				CLANG_WARN_EMPTY_BODY = YES;
				CLANG_WARN_ENUM_CONVERSION = YES;
				CLANG_WARN_INFINITE_RECURSION = YES;
				CLANG_WARN_INT_CONVERSION = YES;
				CLANG_WARN_NON_LITERAL_NULL_CONVERSION = YES;
				CLANG_WARN_OBJC_LITERAL_CONVERSION = YES;
				CLANG_WARN_OBJC_ROOT_CLASS = YES_ERROR;
				CLANG_WARN_RANGE_LOOP_ANALYSIS = YES;
				CLANG_WARN_STRICT_PROTOTYPES = YES;
				CLANG_WARN_SUSPICIOUS_MOVE = YES;
				CLANG_WARN_UNGUARDED_AVAILABILITY = YES_AGGRESSIVE;
				CLANG_WARN_UNREACHABLE_CODE = YES;
				CLANG_WARN__DUPLICATE_METHOD_MATCH = YES;
				CODE_SIGN_IDENTITY = "iPhone Developer";
				COPY_PHASE_STRIP = NO;
				DEBUG_INFORMATION_FORMAT = "dwarf-with-dsym";
				ENABLE_NS_ASSERTIONS = NO;
				ENABLE_STRICT_OBJC_MSGSEND = YES;
				GCC_C_LANGUAGE_STANDARD = gnu11;
				GCC_NO_COMMON_BLOCKS = YES;
				GCC_WARN_64_TO_32_BIT_CONVERSION = YES;
				GCC_WARN_ABOUT_RETURN_TYPE = YES_ERROR;
				GCC_WARN_UNDECLARED_SELECTOR = YES;
				GCC_WARN_UNINITIALIZED_AUTOS = YES_AGGRESSIVE;
				GCC_WARN_UNUSED_FUNCTION = YES;
				GCC_WARN_UNUSED_VARIABLE = YES;
				IPHONEOS_DEPLOYMENT_TARGET = 11.2;
				MTL_ENABLE_DEBUG_INFO = NO;
				SDKROOT = iphoneos;
				SWIFT_OPTIMIZATION_LEVEL = "-Owholemodule";
				VALIDATE_PRODUCT = YES;
			};
			name = Release;
		};
		563FB18B1FDE2B0B006A8696 /* Debug */ = {
			isa = XCBuildConfiguration;
			buildSettings = {
				ASSETCATALOG_COMPILER_APPICON_NAME = AppIcon;
				CLANG_ENABLE_MODULES = YES;
				CODE_SIGN_STYLE = Automatic;
				DEVELOPMENT_TEAM = YA7PM8Q72R;
				INFOPLIST_FILE = SlideOutMenuTemplate/Info.plist;
				LD_RUNPATH_SEARCH_PATHS = "$(inherited) @executable_path/Frameworks";
				PRODUCT_BUNDLE_IDENTIFIER = com.example.SlideOutMenuTemplate;
				PRODUCT_NAME = "$(TARGET_NAME)";
				SWIFT_OBJC_BRIDGING_HEADER = "SlideOutMenuTemplate/Supporting Files/SlideOutMenuTemplate-Bridging-Header.h";
				SWIFT_OPTIMIZATION_LEVEL = "-Onone";
				SWIFT_VERSION = 4.0;
				TARGETED_DEVICE_FAMILY = "1,2";
			};
			name = Debug;
		};
		563FB18C1FDE2B0B006A8696 /* Release */ = {
			isa = XCBuildConfiguration;
			buildSettings = {
				ASSETCATALOG_COMPILER_APPICON_NAME = AppIcon;
				CLANG_ENABLE_MODULES = YES;
				CODE_SIGN_STYLE = Automatic;
				DEVELOPMENT_TEAM = YA7PM8Q72R;
				INFOPLIST_FILE = SlideOutMenuTemplate/Info.plist;
				LD_RUNPATH_SEARCH_PATHS = "$(inherited) @executable_path/Frameworks";
				PRODUCT_BUNDLE_IDENTIFIER = com.example.SlideOutMenuTemplate;
				PRODUCT_NAME = "$(TARGET_NAME)";
				SWIFT_OBJC_BRIDGING_HEADER = "SlideOutMenuTemplate/Supporting Files/SlideOutMenuTemplate-Bridging-Header.h";
				SWIFT_VERSION = 4.0;
				TARGETED_DEVICE_FAMILY = "1,2";
			};
			name = Release;
		};
/* End XCBuildConfiguration section */

/* Begin XCConfigurationList section */
		563FB1701FDE2B0B006A8696 /* Build configuration list for PBXProject "SlideOutMenuTemplate" */ = {
			isa = XCConfigurationList;
			buildConfigurations = (
				563FB1881FDE2B0B006A8696 /* Debug */,
				563FB1891FDE2B0B006A8696 /* Release */,
			);
			defaultConfigurationIsVisible = 0;
			defaultConfigurationName = Release;
		};
		563FB18A1FDE2B0B006A8696 /* Build configuration list for PBXNativeTarget "SlideOutMenuTemplate" */ = {
			isa = XCConfigurationList;
			buildConfigurations = (
				563FB18B1FDE2B0B006A8696 /* Debug */,
				563FB18C1FDE2B0B006A8696 /* Release */,
			);
			defaultConfigurationIsVisible = 0;
			defaultConfigurationName = Release;
		};
/* End XCConfigurationList section */

/* Begin XCVersionGroup section */
		563FB17F1FDE2B0B006A8696 /* SlideOutMenuTemplate.xcdatamodeld */ = {
			isa = XCVersionGroup;
			children = (
				563FB1801FDE2B0B006A8696 /* SlideOutMenuTemplate.xcdatamodel */,
			);
			currentVersion = 563FB1801FDE2B0B006A8696 /* SlideOutMenuTemplate.xcdatamodel */;
			path = SlideOutMenuTemplate.xcdatamodeld;
			sourceTree = "<group>";
			versionGroupType = wrapper.xcdatamodel;
		};
/* End XCVersionGroup section */
	};
	rootObject = 563FB16D1FDE2B0B006A8696 /* Project object */;
}
